
Microsoft Visual Studio Solution File, Format Version 12.00
# Visual Studio Version 16
VisualStudioVersion = 16.0.29009.5
MinimumVisualStudioVersion = 10.0.40219.1
Project("{FAE04EC0-301F-11D3-BF4B-00C04F79EFBC}") = "Spacebattle", "Spacebattle\Spacebattle.csproj", "{412BA8A4-AE1B-4CC8-BC5E-909D017A6DE3}"
EndProject
Project("{FAE04EC0-301F-11D3-BF4B-00C04F79EFBC}") = "SpaceBattle Scenario Creator", "SpaceBattle Scenario Creator\SpaceBattle Scenario Creator.csproj", "{0733D0E7-3575-4164-AD84-9380224602E4}"
EndProject
Global
	GlobalSection(SolutionConfigurationPlatforms) = preSolution
		Debug|Any CPU = Debug|Any CPU
		Release|Any CPU = Release|Any CPU
	EndGlobalSection
	GlobalSection(ProjectConfigurationPlatforms) = postSolution
		{412BA8A4-AE1B-4CC8-BC5E-909D017A6DE3}.Debug|Any CPU.ActiveCfg = Debug|Any CPU
		{412BA8A4-AE1B-4CC8-BC5E-909D017A6DE3}.Debug|Any CPU.Build.0 = Debug|Any CPU
		{412BA8A4-AE1B-4CC8-BC5E-909D017A6DE3}.Release|Any CPU.ActiveCfg = Release|Any CPU
		{412BA8A4-AE1B-4CC8-BC5E-909D017A6DE3}.Release|Any CPU.Build.0 = Release|Any CPU
		{0733D0E7-3575-4164-AD84-9380224602E4}.Debug|Any CPU.ActiveCfg = Debug|Any CPU
		{0733D0E7-3575-4164-AD84-9380224602E4}.Debug|Any CPU.Build.0 = Debug|Any CPU
		{0733D0E7-3575-4164-AD84-9380224602E4}.Release|Any CPU.ActiveCfg = Release|Any CPU
		{0733D0E7-3575-4164-AD84-9380224602E4}.Release|Any CPU.Build.0 = Release|Any CPU
	EndGlobalSection
	GlobalSection(SolutionProperties) = preSolution
		HideSolutionNode = FALSE
	EndGlobalSection
	GlobalSection(ExtensibilityGlobals) = postSolution
		SolutionGuid = {0B60540D-5CD2-4599-9A02-510661FD7944}
	EndGlobalSection
EndGlobal
